{
  "name": "fixture-npm-lock-v2",
  "version": "1.0.0",
  "lockfileVersion": 2,
  "requires": true,
  "packages": {
    "": {
      "name": "fixture-npm-lock-v2",
      "version": "1.0.0",
      "dependencies": {
        "@scope/util": "^1.0.0",
        "lodash": "^4.17.21"
      },
      "devDependencies": {
        "typescript": "^5.4.0"
      }
    },
    "node_modules/@scope/util": {
      "version": "1.0.0",
      "resolved": "https://registry.npmjs.org/@scope/util/-/util-1.0.0.tgz",
      "integrity": "sha512-FIXTUREFIXTUREFIXTURE",
      "license": "Apache-2.0",
      "dependencies": {
        "tslib": "^1.14.0"
      }
    },
    "node_modules/@scope/util/node_modules/tslib": {
      "version": "1.14.1",
      "license": "0BSD"
    },
    "node_modules/lodash": {
      "version": "4.17.21",
      "license": "MIT"
    },
    "node_modules/source-map": {
      "version": "0.6.1",
      "devOptional": true,
      "license": "BSD-3-Clause"
    },
    "node_modules/tslib": {
      "version": "2.6.2",
      "license": "0BSD"
    },
    "node_modules/typescript": {
      "version": "5.4.5",
      "dev": true,
      "license": "Apache-2.0"
    },
    "node_modules/packages-only": {
      "version": "2.2.2"
    }
  },
  "dependencies": {
    "@scope/util": {
      "version": "1.0.0",
      "requires": {
        "tslib": "^1.14.0"
      },
      "dependencies": {
        "tslib": {
          "version": "1.14.1"
        }
      }
    },
    "lodash": {
      "version": "4.17.21"
    },
    "source-map": {
      "version": "0.6.1",
      "dev": true,
      "optional": true
    },
    "tslib": {
      "version": "2.6.2"
    },
    "typescript": {
      "version": "5.4.5",
      "dev": true
    },
    "legacy-only": {
      "version": "3.3.3"
    }
  }
}
