# THIS IS AN AUTOGENERATED FILE. DO NOT EDIT THIS FILE DIRECTLY.
# yarn lockfile v1
  version "0.0.0"

"strip-ansi-cjs@npm:strip-ansi@^6.0.1":
  version "6.0.1"
  resolved "https://registry.yarnpkg.com/strip-ansi/-/strip-ansi-6.0.1.tgz#0000000000000000000000000000000000000000"

"gitpkg@git+https://github.com/example/gitpkg.git#v1.0.0":
  version "1.0.0"
  resolved "git+https://github.com/example/gitpkg.git#0123456789abcdef0123456789abcdef01234567"

"local@file:./local":
  version "0.0.1"

"a-comma@>=1.0.0,<2.0.0", a-comma@^1.5.0:
  version "1.5.2"

unquoted-version@^1.0.0:
  version 1.0.0

tag-version@latest:
  version "latest"

prerelease@^2.0.0-0:
  version "2.0.0-rc.1"

build-meta@^1.0.0:
  version "1.0.0+build.9"

no-version-entry@^1.0.0:
  resolved "https://example.invalid/no-version-entry-1.0.0.tgz"

"@malformed@1.0.0":
  version "1.0.0"

"@scope/pkg@^1.0.0", "@scope/pkg@~1.0.0":
  version "1.0.3"

dep-named-version@^1.0.0:
  version "1.0.0"
  dependencies:
    version "^2.0.0"

trailing-spaces@^1.0.0:  
  version "1.1.1"  

whitespace-line@^1.0.0:
    
  version "3.0.0"

tab-indent@^1.0.0:
	version "9.9.9"
  version "1.0.0"

last-entry@^1.0.0:
  version "1.0.0"