{
  "name": "fixture-npm-lock-v1",
  "version": "1.0.0",
  "lockfileVersion": 1,
  "requires": true,
  "dependencies": {
    "express": {
      "version": "4.17.1",
      "resolved": "https://registry.npmjs.org/express/-/express-4.17.1.tgz",
      "integrity": "sha512-FIXTUREFIXTUREFIXTURE",
      "requires": {
        "debug": "2.6.9"
      },
      "dependencies": {
        "debug": {
          "version": "2.6.9",
          "requires": {
            "ms": "2.0.0"
          },
          "dependencies": {
            "ms": {
              "version": "2.0.0"
            }
          }
        }
      }
    },
    "ms": {
      "version": "2.1.3",
      "license": "MIT"
    },
    "mocha": {
      "version": "10.2.0",
      "dev": true,
      "dependencies": {
        "ms": {
          "version": "2.1.3",
          "dev": true
        },
        "debug": {
          "version": "4.3.4",
          "dev": true,
          "dependencies": {
            "ms": {
              "version": "2.0.0",
              "dev": true
            },
            "has-flag": {
              "version": "4.0.0"
            }
          }
        }
      }
    },
    "chalk": {
      "version": "4.1.2",
      "dev": true,
      "dependencies": {
        "supports-color": {
          "version": "7.2.0"
        }
      }
    },
    "safe-buffer": {
      "version": "5.2.1"
    },
    "fsevents": {
      "version": "2.3.3",
      "optional": true
    },
    "nan": {
      "version": "2.17.0",
      "optional": true
    },
    "react": {
      "version": "18.2.0"
    },
    "local-pkg": {
      "version": "file:../local-pkg"
    },
    "git-dep": {
      "version": "github:example/git-dep#0123456789abcdef0123456789abcdef01234567",
      "from": "github:example/git-dep#v1.0.0"
    },
    "no-version-parent": {
      "requires": {
        "inner-child": "1.0.0"
      },
      "dependencies": {
        "inner-child": {
          "version": "1.0.0"
        }
      }
    },
    "dev-parent-no-version": {
      "dev": true,
      "dependencies": {
        "dev-inner": {
          "version": "3.0.0"
        }
      }
    },
    "not-an-object": "1.0.0",
    "null-entry": null,
    "licensed-list": {
      "version": "1.0.0",
      "license": ["MIT", "ISC", "MIT"]
    },
    "licensed-object": {
      "version": "1.0.0",
      "license": {
        "type": "MIT",
        "url": "https://example.invalid/license"
      }
    },
    "v-prefixed": {
      "version": "v1.2.3"
    },
    "build-meta": {
      "version": "1.0.0+build.5"
    },
    "nested-not-object": {
      "version": "1.1.0",
      "dependencies": ["not", "a", "dict"]
    }
  }
}
