{
  "name": "fixture-npm-lock-v3",
  "version": "1.0.0",
  "lockfileVersion": 3,
  "requires": true,
  "packages": {
    "": {
      "name": "fixture-npm-lock-v3",
      "version": "1.0.0",
      "workspaces": [
        "packages/*"
      ]
    },
    "node_modules/@babel/core": {
      "version": "7.24.5",
      "license": "MIT"
    },
    "node_modules/@babel/core/node_modules/semver": {
      "version": "6.3.1",
      "license": "ISC"
    },
    "node_modules/semver": {
      "version": "7.6.2",
      "license": "ISC"
    },
    "node_modules/vitest": {
      "version": "1.6.0",
      "dev": true,
      "license": "MIT"
    },
    "node_modules/react": {
      "version": "18.2.0",
      "peer": true,
      "license": "MIT"
    },
    "node_modules/fsevents": {
      "version": "2.3.3",
      "optional": true,
      "license": "MIT"
    },
    "node_modules/dev-only": {
      "version": "1.0.0",
      "dev": true
    },
    "node_modules/peer-only": {
      "version": "1.0.0",
      "peer": true
    },
    "node_modules/optional-only": {
      "version": "1.0.0",
      "optional": true
    },
    "node_modules/dev-optional": {
      "version": "1.0.0",
      "devOptional": true
    },
    "node_modules/dev-and-optional": {
      "version": "1.0.0",
      "dev": true,
      "optional": true
    },
    "node_modules/peer-and-optional": {
      "version": "1.0.0",
      "peer": true,
      "optional": true
    },
    "node_modules/dev-false": {
      "version": "1.0.0",
      "dev": false
    },
    "node_modules/foo": {
      "version": "1.0.0"
    },
    "node_modules/foo/node_modules/@scope/bar": {
      "version": "2.0.0"
    },
    "node_modules/@scope/bar": {
      "version": "2.1.0"
    },
    "node_modules/alias-pkg": {
      "name": "real-pkg",
      "version": "2.0.1"
    },
    "node_modules/my-workspace": {
      "resolved": "packages/my-workspace",
      "link": true
    },
    "packages/my-workspace": {
      "name": "my-workspace",
      "version": "0.1.0",
      "license": "ISC"
    },
    "packages/my-workspace/node_modules/ws-nested": {
      "version": "0.2.0"
    },
    "packages/no-name": {
      "version": "1.0.0"
    },
    "node_modules/bundled-parent": {
      "version": "1.0.0",
      "bundleDependencies": [
        "bundled-child"
      ]
    },
    "node_modules/bundled-parent/node_modules/bundled-child": {
      "version": "1.0.0",
      "inBundle": true
    },
    "node_modules/license-array": {
      "version": "1.0.0",
      "license": ["MIT", "Apache-2.0", "MIT", ""]
    },
    "node_modules/license-sort": {
      "version": "1.0.0",
      "license": ["mit", "MIT", "Zlib", "BSD-3-Clause", "(MIT OR Apache-2.0)"]
    },
    "node_modules/license-empty": {
      "version": "1.0.0",
      "license": ""
    },
    "node_modules/license-empty-array": {
      "version": "1.0.0",
      "license": []
    },
    "node_modules/license-object": {
      "version": "1.0.0",
      "license": {
        "type": "MIT"
      }
    },
    "node_modules/@lonely": {
      "version": "1.0.0"
    },
    "node_modules/": {
      "version": "1.0.0"
    },
    "node_modules/empty-name": {
      "name": "",
      "version": "1.0.0"
    },
    "node_modules/no-version": {
      "license": "MIT"
    },
    "node_modules/empty-version": {
      "version": ""
    },
    "node_modules/null-entry": null,
    "node_modules/string-entry": "1.0.0",
    "node_modules/deep/node_modules/@a/b/node_modules/c": {
      "version": "1.0.0"
    },
    "node_modules/build-meta": {
      "version": "1.0.0-beta.2+exp.sha.5114f85"
    }
  }
}
