{
  "name": "fixture-npm-prototype-keys",
  "version": "1.0.0",
  "lockfileVersion": 3,
  "requires": true,
  "packages": {
    "": {
      "name": "fixture-npm-prototype-keys",
      "version": "1.0.0"
    },
    "node_modules/__proto__": {
      "version": "1.0.0"
    },
    "node_modules/toString": {
      "version": "2.0.0"
    },
    "node_modules/constructor": {
      "version": "3.0.0"
    },
    "node_modules/hasOwnProperty": {
      "version": "4.0.0"
    },
    "node_modules/valueOf": {
      "version": "5.0.0",
      "dev": true
    }
  }
}
