{
  "name": "lock-number-version",
  "version": "1.0.0",
  "lockfileVersion": 3,
  "packages": {
    "node_modules/num-version": {
      "version": 1
    },
    "node_modules/float-version": {
      "version": 1.0
    },
    "node_modules/bool-version": {
      "version": true
    },
    "node_modules/num-name": {
      "name": 42,
      "version": "1.0.0"
    },
    "node_modules/license-number": {
      "version": "1.0.0",
      "license": 7
    },
    "node_modules/license-mixed-array": {
      "version": "1.0.0",
      "license": ["MIT", 0, null, 3, true]
    }
  },
  "dependencies": {
    "legacy-num-version": {
      "version": 2
    }
  }
}
