# This file is automatically @generated by Poetry 1.8.2 and should not be changed by hand.

[[package]]
name = "httpx"
version = "0.27.0"
description = "fixture"
optional = false
python-versions = ">=3.8"

[[package]]
name = "black"
version = "24.1.0"
description = "fixture"
category = "dev"
optional = false
python-versions = ">=3.8"

[metadata]
lock-version = "2.0"
python-versions = "^3.11"
content-hash = "0000000000000000000000000000000000000000000000000000000000000000"
