# This file is automatically @generated by Poetry 1.8.2 and should not be changed by hand.

[[package]]
name = "click"
version = "8.1.7"
description = "fixture"
category = "main"
optional = false
python-versions = ">=3.7"

[package.dependencies]
colorama = {version = "*", markers = "platform_system == \"Windows\""}

[[package]]
name = "colorama"
version = "0.4.6"
description = "fixture"
category = "main"
optional = false
python-versions = ">=2.7"

[[package]]
name = "pytest"
version = "8.1.1"
description = "fixture"
category = "dev"
optional = false
python-versions = ">=3.8"

[[package]]
name = "requests"
version = "2.31.0"
description = "fixture"
category = "main"
optional = false
python-versions = ">=3.7"

[metadata]
lock-version = "2.0"
python-versions = "^3.11"
content-hash = "0000000000000000000000000000000000000000000000000000000000000000"
