# This file is automatically @generated by Poetry 1.8.2 and should not be changed by hand.

[[package]]
name = "certifi"
version = "2024.2.2"
description = "fixture"
optional = false
python-versions = ">=3.6"
files = [
    {file = "certifi-2024.2.2-py3-none-any.whl", hash = "sha256:0000000000000000000000000000000000000000000000000000000000000000"},
]

[[package]]
name = "pytest"
version = "8.1.1"
description = "fixture"
category = "dev"
optional = false
python-versions = ">=3.8"

[package.dependencies]
iniconfig = "*"
pluggy = ">=1.4,<2.0"

[package.extras]
testing = ["hypothesis (>=3.56)"]

[[package]]
name = "requests"
version = "2.31.0"
description = "fixture"
category = "main"
optional = false
python-versions = ">=3.7"

[[package]]
name = "black"
version = "24.1.0"
description = "fixture"
optional = false
python-versions = ">=3.8"
groups = ["dev"]

[[package]]
name = "Typing_Extensions"
version = "4.10.0"
description = "fixture"
optional = false
python-versions = ">=3.8"

[[package]]
name = "spaced-version"
version = " 1.0.0 "

[[package]]
name = "post-release"
version = "2.0.0.post1"

[[package]]
name = "local-ver"
version = "1.0.0+cpu"

[[package]]
name = "not-pep440"
version = "latest"

[[package]]
name = "empty-version"
version = ""

[[package]]
name = "no-version"
description = "no version key"

[[package]]
version = "1.0.0"
description = "no name key"

[[package]]
name = ""
version = "1.0.0"

[[package]]
name = "category-uppercase"
version = "1.0.0"
category = "Dev"

[[package]]
name = "certifi"
version = "2024.2.2"
category = "dev"

[[package]]
name = "CERTIFI"
version = "2024.2.2"

[metadata]
lock-version = "2.0"
python-versions = "^3.11"
content-hash = "0000000000000000000000000000000000000000000000000000000000000000"

[metadata.files]
certifi = []
