{
  "name": "fixture-npm-lock-v3-versions",
  "version": "1.0.0",
  "lockfileVersion": 3,
  "requires": true,
  "packages": {
    "": {
      "name": "fixture-npm-lock-v3-versions",
      "version": "1.0.0"
    },
    "node_modules/exact-in-lock": {
      "version": "1.0.0"
    },
    "node_modules/file-dep": {
      "version": "file:../file-dep"
    },
    "node_modules/git-dep": {
      "version": "2.0.0",
      "resolved": "git+ssh://git@github.com/example/git-dep.git#0123456789abcdef0123456789abcdef01234567"
    },
    "node_modules/git-ver": {
      "version": "git+https://github.com/example/git-ver.git#0123456789abcdef0123456789abcdef01234567"
    },
    "node_modules/tag-dep": {
      "version": "latest"
    },
    "node_modules/v-lower": {
      "version": "v2.0.0"
    },
    "node_modules/v-upper": {
      "version": "V2.0.0"
    },
    "node_modules/leading-zero": {
      "version": "01.02.03"
    },
    "node_modules/two-part": {
      "version": "1.2"
    },
    "node_modules/four-part": {
      "version": "1.2.3.4"
    },
    "node_modules/dash-only": {
      "version": "1.2.3-"
    },
    "node_modules/double-dash": {
      "version": "1.2.3--"
    },
    "node_modules/plus-only": {
      "version": "1.2.3+"
    },
    "node_modules/pre-and-build": {
      "version": "1.2.3-rc.1+build.7"
    },
    "node_modules/leading-space": {
      "version": " 1.2.3"
    },
    "node_modules/trailing-newline": {
      "version": "1.2.3\n"
    },
    "node_modules/leading-fs": {
      "version": "\u001c1.2.3"
    },
    "node_modules/leading-us": {
      "version": "\u001f1.2.3"
    },
    "node_modules/leading-bom": {
      "version": "﻿1.2.3"
    },
    "node_modules/leading-nbsp": {
      "version": " 1.2.3"
    },
    "node_modules/trailing-zwsp": {
      "version": "1.2.3​"
    },
    "node_modules/unicode-digits": {
      "version": "١.٢.٣"
    },
    "node_modules/fullwidth-digits": {
      "version": "１.２.３"
    },
    "node_modules/superscript-digit": {
      "version": "¹.2.3"
    }
  }
}
